
Microsoft Visual Studio Solution File, Format Version 12.00
# Visual Studio Version 16
VisualStudioVersion = 16.0.29209.62
MinimumVisualStudioVersion = 10.0.40219.1
Project("{9A19103F-16F7-4668-BE54-9A1E7A4F7556}") = "ElastiBuild", "build\ElastiBuild.csproj", "{CDD2CCC6-3C0C-47CC-A7E5-93FC4BF2664A}"
EndProject
Project("{2150E333-8FDC-42A3-9474-1A3956D46DE8}") = "script", "script", "{6E880F89-0C6E-4BBC-88F6-5DF297901196}"
	ProjectSection(SolutionItems) = preProject
		..\build.bat = ..\build.bat
		config\config.yaml = config\config.yaml
		..\global.json = ..\global.json
	EndProjectSection
EndProject
Project("{9A19103F-16F7-4668-BE54-9A1E7A4F7556}") = "BeatPackageCompiler", "installer\BeatPackageCompiler\BeatPackageCompiler.csproj", "{7F2BEAEF-4D6A-48D7-A5C5-B526C3984748}"
EndProject
Project("{D954291E-2A0B-460D-934E-DC6B0785DB48}") = "Shared", "shared\Shared.shproj", "{6CD7786E-F7BC-41E7-998D-2845966FC460}"
EndProject
Project("{9A19103F-16F7-4668-BE54-9A1E7A4F7556}") = "QA", "qa\QA.csproj", "{867FB7F5-92AD-4797-8403-8397B2B0B681}"
EndProject
Global
	GlobalSection(SharedMSBuildProjectFiles) = preSolution
		shared\shared.projitems*{6cd7786e-f7bc-41e7-998d-2845966fc460}*SharedItemsImports = 13
	EndGlobalSection
	GlobalSection(SolutionConfigurationPlatforms) = preSolution
		Debug QA|Any CPU = Debug QA|Any CPU
		Debug|Any CPU = Debug|Any CPU
		Release QA|Any CPU = Release QA|Any CPU
		Release|Any CPU = Release|Any CPU
	EndGlobalSection
	GlobalSection(ProjectConfigurationPlatforms) = postSolution
		{CDD2CCC6-3C0C-47CC-A7E5-93FC4BF2664A}.Debug QA|Any CPU.ActiveCfg = Debug|Any CPU
		{CDD2CCC6-3C0C-47CC-A7E5-93FC4BF2664A}.Debug QA|Any CPU.Build.0 = Debug|Any CPU
		{CDD2CCC6-3C0C-47CC-A7E5-93FC4BF2664A}.Debug|Any CPU.ActiveCfg = Debug|Any CPU
		{CDD2CCC6-3C0C-47CC-A7E5-93FC4BF2664A}.Debug|Any CPU.Build.0 = Debug|Any CPU
		{CDD2CCC6-3C0C-47CC-A7E5-93FC4BF2664A}.Release QA|Any CPU.ActiveCfg = Release|Any CPU
		{CDD2CCC6-3C0C-47CC-A7E5-93FC4BF2664A}.Release QA|Any CPU.Build.0 = Release|Any CPU
		{CDD2CCC6-3C0C-47CC-A7E5-93FC4BF2664A}.Release|Any CPU.ActiveCfg = Release|Any CPU
		{CDD2CCC6-3C0C-47CC-A7E5-93FC4BF2664A}.Release|Any CPU.Build.0 = Release|Any CPU
		{7F2BEAEF-4D6A-48D7-A5C5-B526C3984748}.Debug QA|Any CPU.ActiveCfg = Debug|Any CPU
		{7F2BEAEF-4D6A-48D7-A5C5-B526C3984748}.Debug QA|Any CPU.Build.0 = Debug|Any CPU
		{7F2BEAEF-4D6A-48D7-A5C5-B526C3984748}.Debug|Any CPU.ActiveCfg = Debug|Any CPU
		{7F2BEAEF-4D6A-48D7-A5C5-B526C3984748}.Debug|Any CPU.Build.0 = Debug|Any CPU
		{7F2BEAEF-4D6A-48D7-A5C5-B526C3984748}.Release QA|Any CPU.ActiveCfg = Release|Any CPU
		{7F2BEAEF-4D6A-48D7-A5C5-B526C3984748}.Release QA|Any CPU.Build.0 = Release|Any CPU
		{7F2BEAEF-4D6A-48D7-A5C5-B526C3984748}.Release|Any CPU.ActiveCfg = Release|Any CPU
		{7F2BEAEF-4D6A-48D7-A5C5-B526C3984748}.Release|Any CPU.Build.0 = Release|Any CPU
		{867FB7F5-92AD-4797-8403-8397B2B0B681}.Debug QA|Any CPU.ActiveCfg = Debug|Any CPU
		{867FB7F5-92AD-4797-8403-8397B2B0B681}.Debug QA|Any CPU.Build.0 = Debug|Any CPU
		{867FB7F5-92AD-4797-8403-8397B2B0B681}.Debug|Any CPU.ActiveCfg = Debug|Any CPU
		{867FB7F5-92AD-4797-8403-8397B2B0B681}.Release QA|Any CPU.ActiveCfg = Release|Any CPU
		{867FB7F5-92AD-4797-8403-8397B2B0B681}.Release QA|Any CPU.Build.0 = Release|Any CPU
		{867FB7F5-92AD-4797-8403-8397B2B0B681}.Release|Any CPU.ActiveCfg = Release|Any CPU
	EndGlobalSection
	GlobalSection(SolutionProperties) = preSolution
		HideSolutionNode = FALSE
	EndGlobalSection
	GlobalSection(ExtensibilityGlobals) = postSolution
		SolutionGuid = {F8D3B98B-337D-4629-8754-18EC48761229}
	EndGlobalSection
EndGlobal
