
Microsoft Visual Studio Solution File, Format Version 12.00
# Visual Studio Version 16
VisualStudioVersion = 16.0.29209.62
MinimumVisualStudioVersion = 10.0.40219.1
Project("{FAE04EC0-301F-11D3-BF4B-00C04F79EFBC}") = "WinlogbeatCompiler", "installer\WinlogbeatCompiler\WinlogbeatCompiler.csproj", "{F49E9F7B-B6F9-4422-9366-8A48D6C39D44}"
EndProject
Project("{2150E333-8FDC-42A3-9474-1A3956D46DE8}") = "shared", "shared", "{BCCC594C-069C-4385-8329-52E26AAE2080}"
	ProjectSection(SolutionItems) = preProject
		installer\shared\CmdLineOptions.cs = installer\shared\CmdLineOptions.cs
	EndProjectSection
EndProject
Global
	GlobalSection(SolutionConfigurationPlatforms) = preSolution
		Debug|Any CPU = Debug|Any CPU
		Release|Any CPU = Release|Any CPU
	EndGlobalSection
	GlobalSection(ProjectConfigurationPlatforms) = postSolution
		{F49E9F7B-B6F9-4422-9366-8A48D6C39D44}.Debug|Any CPU.ActiveCfg = Debug|Any CPU
		{F49E9F7B-B6F9-4422-9366-8A48D6C39D44}.Debug|Any CPU.Build.0 = Debug|Any CPU
		{F49E9F7B-B6F9-4422-9366-8A48D6C39D44}.Release|Any CPU.ActiveCfg = Release|Any CPU
		{F49E9F7B-B6F9-4422-9366-8A48D6C39D44}.Release|Any CPU.Build.0 = Release|Any CPU
	EndGlobalSection
	GlobalSection(SolutionProperties) = preSolution
		HideSolutionNode = FALSE
	EndGlobalSection
	GlobalSection(ExtensibilityGlobals) = postSolution
		SolutionGuid = {21598226-3BA2-433E-8447-A1A13B910D4D}
	EndGlobalSection
EndGlobal
